
Microsoft Visual Studio Solution File, Format Version 12.00
# Visual Studio Version 16
VisualStudioVersion = 16.0.31129.286
MinimumVisualStudioVersion = 10.0.40219.1
Project("{FAE04EC0-301F-11D3-BF4B-00C04F79EFBC}") = "BypassAMSI", "BypassAMSI\BypassAMSI.csproj", "{D86026AC-4CFC-46B8-90A8-17092CBDF01E}"
EndProject
Global
	GlobalSection(SolutionConfigurationPlatforms) = preSolution
		Debug|Any CPU = Debug|Any CPU
		Debug|x64 = Debug|x64
		Debug|x86 = Debug|x86
		Release|Any CPU = Release|Any CPU
		Release|x64 = Release|x64
		Release|x86 = Release|x86
	EndGlobalSection
	GlobalSection(ProjectConfigurationPlatforms) = postSolution
		{D86026AC-4CFC-46B8-90A8-17092CBDF01E}.Debug|Any CPU.ActiveCfg = Debug|Any CPU
		{D86026AC-4CFC-46B8-90A8-17092CBDF01E}.Debug|Any CPU.Build.0 = Debug|Any CPU
		{D86026AC-4CFC-46B8-90A8-17092CBDF01E}.Debug|x64.ActiveCfg = Debug|x64
		{D86026AC-4CFC-46B8-90A8-17092CBDF01E}.Debug|x64.Build.0 = Debug|x64
		{D86026AC-4CFC-46B8-90A8-17092CBDF01E}.Debug|x86.ActiveCfg = Debug|x86
		{D86026AC-4CFC-46B8-90A8-17092CBDF01E}.Debug|x86.Build.0 = Debug|x86
		{D86026AC-4CFC-46B8-90A8-17092CBDF01E}.Release|Any CPU.ActiveCfg = Release|Any CPU
		{D86026AC-4CFC-46B8-90A8-17092CBDF01E}.Release|Any CPU.Build.0 = Release|Any CPU
		{D86026AC-4CFC-46B8-90A8-17092CBDF01E}.Release|x64.ActiveCfg = Release|x64
		{D86026AC-4CFC-46B8-90A8-17092CBDF01E}.Release|x64.Build.0 = Release|x64
		{D86026AC-4CFC-46B8-90A8-17092CBDF01E}.Release|x86.ActiveCfg = Release|x86
		{D86026AC-4CFC-46B8-90A8-17092CBDF01E}.Release|x86.Build.0 = Release|x86
	EndGlobalSection
	GlobalSection(SolutionProperties) = preSolution
		HideSolutionNode = FALSE
	EndGlobalSection
	GlobalSection(ExtensibilityGlobals) = postSolution
		SolutionGuid = {7EC2679D-5371-4E35-9C5F-01CA407F57B9}
	EndGlobalSection
EndGlobal
